{
  "name": "81rv10",
  "version": "0.2.0",
  "lockfileVersion": 3,
  "requires": true,
  "packages": {
    "": {
      "name": "81rv10",
      "version": "0.2.0",
      "devDependencies": {
        "agentic-os": "github:huijoohwee/agentic-os#e0ef770860905830157e64c455f0a342084b6d25"
      },
      "engines": {
        "node": ">=22"
      }
    },
    "node_modules/agentic-os": {
      "version": "0.1.0",
      "resolved": "git+ssh://git@github.com/huijoohwee/agentic-os.git#e0ef770860905830157e64c455f0a342084b6d25",
      "integrity": "sha512-Cn+mIRf5Ft/01DiYdTT6Xr14BOpCXdDMALG8bFPR241psA4AOU4BK4JsahYL5aK3dfqjQNI14UsmctSDcuhK+Q==",
      "dev": true,
      "license": "MIT",
      "bin": {
        "agentic-os": "bin/agentic-os.mjs",
        "agentic-os-authority": "bin/agentic-os-authority.mjs",
        "agentic-os-mcp": "bin/agentic-os-mcp.mjs",
        "agentic-os-release-common": "bin/agentic-os-release-common-wrapper.mjs",
        "agentic-os-transition": "bin/agentic-os-transition.mjs"
      },
      "engines": {
        "node": ">=20.11"
      }
    }
  }
}
